
Microsoft Visual Studio Solution File, Format Version 12.00
# Visual Studio Version 16
VisualStudioVersion = 16.0.29020.237
MinimumVisualStudioVersion = 10.0.40219.1
Project("{FAE04EC0-301F-11D3-BF4B-00C04F79EFBC}") = "IP Lookup", "IP Lookup.csproj", "{C1B55101-BFC4-4A53-AA3F-91D9C3756C5D}"
EndProject
Global
	GlobalSection(SolutionConfigurationPlatforms) = preSolution
		Debug|Any CPU = Debug|Any CPU
		Release|Any CPU = Release|Any CPU
	EndGlobalSection
	GlobalSection(ProjectConfigurationPlatforms) = postSolution
		{C1B55101-BFC4-4A53-AA3F-91D9C3756C5D}.Debug|Any CPU.ActiveCfg = Debug|Any CPU
		{C1B55101-BFC4-4A53-AA3F-91D9C3756C5D}.Debug|Any CPU.Build.0 = Debug|Any CPU
		{C1B55101-BFC4-4A53-AA3F-91D9C3756C5D}.Release|Any CPU.ActiveCfg = Release|Any CPU
		{C1B55101-BFC4-4A53-AA3F-91D9C3756C5D}.Release|Any CPU.Build.0 = Release|Any CPU
	EndGlobalSection
	GlobalSection(SolutionProperties) = preSolution
		HideSolutionNode = FALSE
	EndGlobalSection
	GlobalSection(ExtensibilityGlobals) = postSolution
		SolutionGuid = {BF0F15CA-8316-4538-90E5-88EE4C9A52C1}
	EndGlobalSection
EndGlobal
